
Microsoft Visual Studio Solution File, Format Version 12.00
# Visual Studio Version 17
VisualStudioVersion = 17.10.35013.160
MinimumVisualStudioVersion = 10.0.40219.1
Project("{FAE04EC0-301F-11D3-BF4B-00C04F79EFBC}") = "MudRunnerModsHelper", "MudRunnerModsHelper\MudRunnerModsHelper.csproj", "{F4A29481-37AB-4503-9229-5127CDB6CDA5}"
EndProject
Global
	GlobalSection(SolutionConfigurationPlatforms) = preSolution
		Debug|Any CPU = Debug|Any CPU
		Release|Any CPU = Release|Any CPU
	EndGlobalSection
	GlobalSection(ProjectConfigurationPlatforms) = postSolution
		{F4A29481-37AB-4503-9229-5127CDB6CDA5}.Debug|Any CPU.ActiveCfg = Debug|Any CPU
		{F4A29481-37AB-4503-9229-5127CDB6CDA5}.Debug|Any CPU.Build.0 = Debug|Any CPU
		{F4A29481-37AB-4503-9229-5127CDB6CDA5}.Release|Any CPU.ActiveCfg = Release|Any CPU
		{F4A29481-37AB-4503-9229-5127CDB6CDA5}.Release|Any CPU.Build.0 = Release|Any CPU
	EndGlobalSection
	GlobalSection(SolutionProperties) = preSolution
		HideSolutionNode = FALSE
	EndGlobalSection
	GlobalSection(ExtensibilityGlobals) = postSolution
		SolutionGuid = {F5323C30-9A06-4671-ABF7-8C048955AEB7}
	EndGlobalSection
EndGlobal
